
Microsoft Visual Studio Solution File, Format Version 12.00
# Visual Studio Version 17
VisualStudioVersion = 17.0.31903.59
MinimumVisualStudioVersion = 10.0.40219.1
Project("{FAE04EC0-301F-11D3-BF4B-00C04F79EFBC}") = "SchoolApp-MVC", "SchoolApp-MVC\SchoolApp-MVC.csproj", "{2FBAEE24-11A8-4179-995B-F49713FD952D}"
EndProject
Project("{FAE04EC0-301F-11D3-BF4B-00C04F79EFBC}") = "SchoolApp-DAL", "SchoolApp-DAL\SchoolApp-DAL.csproj", "{FB4727F8-F372-4B98-B556-7DE07C159ACA}"
EndProject
Project("{FAE04EC0-301F-11D3-BF4B-00C04F79EFBC}") = "Console-Student-Class-01", "Console-Student-Class-01\Console-Student-Class-01.csproj", "{FF5DA9D7-041C-88BF-7731-A6970A890DB6}"
EndProject
Global
	GlobalSection(SolutionConfigurationPlatforms) = preSolution
		Debug|Any CPU = Debug|Any CPU
		Release|Any CPU = Release|Any CPU
	EndGlobalSection
	GlobalSection(ProjectConfigurationPlatforms) = postSolution
		{2FBAEE24-11A8-4179-995B-F49713FD952D}.Debug|Any CPU.ActiveCfg = Debug|Any CPU
		{2FBAEE24-11A8-4179-995B-F49713FD952D}.Debug|Any CPU.Build.0 = Debug|Any CPU
		{2FBAEE24-11A8-4179-995B-F49713FD952D}.Release|Any CPU.ActiveCfg = Release|Any CPU
		{2FBAEE24-11A8-4179-995B-F49713FD952D}.Release|Any CPU.Build.0 = Release|Any CPU
		{FB4727F8-F372-4B98-B556-7DE07C159ACA}.Debug|Any CPU.ActiveCfg = Debug|Any CPU
		{FB4727F8-F372-4B98-B556-7DE07C159ACA}.Debug|Any CPU.Build.0 = Debug|Any CPU
		{FB4727F8-F372-4B98-B556-7DE07C159ACA}.Release|Any CPU.ActiveCfg = Release|Any CPU
		{FB4727F8-F372-4B98-B556-7DE07C159ACA}.Release|Any CPU.Build.0 = Release|Any CPU
		{FF5DA9D7-041C-88BF-7731-A6970A890DB6}.Debug|Any CPU.ActiveCfg = Debug|Any CPU
		{FF5DA9D7-041C-88BF-7731-A6970A890DB6}.Debug|Any CPU.Build.0 = Debug|Any CPU
		{FF5DA9D7-041C-88BF-7731-A6970A890DB6}.Release|Any CPU.ActiveCfg = Release|Any CPU
		{FF5DA9D7-041C-88BF-7731-A6970A890DB6}.Release|Any CPU.Build.0 = Release|Any CPU
	EndGlobalSection
	GlobalSection(SolutionProperties) = preSolution
		HideSolutionNode = FALSE
	EndGlobalSection
	GlobalSection(ExtensibilityGlobals) = postSolution
		SolutionGuid = {40003377-1400-4974-A2E9-3EF07FD8C28C}
	EndGlobalSection
EndGlobal
