
Microsoft Visual Studio Solution File, Format Version 12.00
# Visual Studio Version 17
VisualStudioVersion = 17.0.31903.59
MinimumVisualStudioVersion = 10.0.40219.1
Project("{FAE04EC0-301F-11D3-BF4B-00C04F79EFBC}") = "SchoolApp-DAL", "SchoolApp-DAL\SchoolApp-DAL.csproj", "{A9F062D1-0A5D-48F0-9BC5-B9DFECF502C3}"
EndProject
Project("{FAE04EC0-301F-11D3-BF4B-00C04F79EFBC}") = "SchoolApp-Backend", "SchoolApp-Backend\SchoolApp-Backend.csproj", "{83374680-D568-4EF8-865B-175035D4A3AD}"
EndProject
Project("{FAE04EC0-301F-11D3-BF4B-00C04F79EFBC}") = "SchoolApp-MVC", "SchoolApp-MVC\SchoolApp-MVC.csproj", "{82CD161F-E018-4303-88D2-9CBE94EFED22}"
EndProject
Global
	GlobalSection(SolutionConfigurationPlatforms) = preSolution
		Debug|Any CPU = Debug|Any CPU
		Release|Any CPU = Release|Any CPU
	EndGlobalSection
	GlobalSection(SolutionProperties) = preSolution
		HideSolutionNode = FALSE
	EndGlobalSection
	GlobalSection(ProjectConfigurationPlatforms) = postSolution
		{A9F062D1-0A5D-48F0-9BC5-B9DFECF502C3}.Debug|Any CPU.ActiveCfg = Debug|Any CPU
		{A9F062D1-0A5D-48F0-9BC5-B9DFECF502C3}.Debug|Any CPU.Build.0 = Debug|Any CPU
		{A9F062D1-0A5D-48F0-9BC5-B9DFECF502C3}.Release|Any CPU.ActiveCfg = Release|Any CPU
		{A9F062D1-0A5D-48F0-9BC5-B9DFECF502C3}.Release|Any CPU.Build.0 = Release|Any CPU
		{83374680-D568-4EF8-865B-175035D4A3AD}.Debug|Any CPU.ActiveCfg = Debug|Any CPU
		{83374680-D568-4EF8-865B-175035D4A3AD}.Debug|Any CPU.Build.0 = Debug|Any CPU
		{83374680-D568-4EF8-865B-175035D4A3AD}.Release|Any CPU.ActiveCfg = Release|Any CPU
		{83374680-D568-4EF8-865B-175035D4A3AD}.Release|Any CPU.Build.0 = Release|Any CPU
		{82CD161F-E018-4303-88D2-9CBE94EFED22}.Debug|Any CPU.ActiveCfg = Debug|Any CPU
		{82CD161F-E018-4303-88D2-9CBE94EFED22}.Debug|Any CPU.Build.0 = Debug|Any CPU
		{82CD161F-E018-4303-88D2-9CBE94EFED22}.Release|Any CPU.ActiveCfg = Release|Any CPU
		{82CD161F-E018-4303-88D2-9CBE94EFED22}.Release|Any CPU.Build.0 = Release|Any CPU
	EndGlobalSection
EndGlobal
